
Microsoft Visual Studio Solution File, Format Version 12.00
# Visual Studio Version 17
VisualStudioVersion = 17.11.35327.3
MinimumVisualStudioVersion = 10.0.40219.1
Project("{FAE04EC0-301F-11D3-BF4B-00C04F79EFBC}") = "OrderApi.Domain", "OrderApi.Domain\OrderApi.Domain.csproj", "{07463FE4-93EE-4A20-91BE-C535A35193E1}"
EndProject
Project("{FAE04EC0-301F-11D3-BF4B-00C04F79EFBC}") = "OrderApi.Application", "OrderApi.Application\OrderApi.Application.csproj", "{543FDE51-4EE7-4C4A-9744-72B149798B95}"
EndProject
Project("{FAE04EC0-301F-11D3-BF4B-00C04F79EFBC}") = "OrderApi.Infrastructure", "OrderApi.Infrastructure\OrderApi.Infrastructure.csproj", "{F74142C0-8C16-473C-8C54-56DAFB384D6F}"
EndProject
Project("{FAE04EC0-301F-11D3-BF4B-00C04F79EFBC}") = "OrderApi.Presentation", "OrderApi.Presentation\OrderApi.Presentation.csproj", "{13C01218-98C2-4876-800F-A3355FB9E033}"
EndProject
Project("{9A19103F-16F7-4668-BE54-9A1E7A4F7556}") = "eCommerce.SharedLibrary", "..\DemoECommerce.SharedLibrarySolution\eCommerce.SharedLibrary\eCommerce.SharedLibrary.csproj", "{79657499-875E-45BF-9E02-8485BFB40063}"
EndProject
Global
	GlobalSection(SolutionConfigurationPlatforms) = preSolution
		Debug|Any CPU = Debug|Any CPU
		Release|Any CPU = Release|Any CPU
	EndGlobalSection
	GlobalSection(ProjectConfigurationPlatforms) = postSolution
		{07463FE4-93EE-4A20-91BE-C535A35193E1}.Debug|Any CPU.ActiveCfg = Debug|Any CPU
		{07463FE4-93EE-4A20-91BE-C535A35193E1}.Debug|Any CPU.Build.0 = Debug|Any CPU
		{07463FE4-93EE-4A20-91BE-C535A35193E1}.Release|Any CPU.ActiveCfg = Release|Any CPU
		{07463FE4-93EE-4A20-91BE-C535A35193E1}.Release|Any CPU.Build.0 = Release|Any CPU
		{543FDE51-4EE7-4C4A-9744-72B149798B95}.Debug|Any CPU.ActiveCfg = Debug|Any CPU
		{543FDE51-4EE7-4C4A-9744-72B149798B95}.Debug|Any CPU.Build.0 = Debug|Any CPU
		{543FDE51-4EE7-4C4A-9744-72B149798B95}.Release|Any CPU.ActiveCfg = Release|Any CPU
		{543FDE51-4EE7-4C4A-9744-72B149798B95}.Release|Any CPU.Build.0 = Release|Any CPU
		{F74142C0-8C16-473C-8C54-56DAFB384D6F}.Debug|Any CPU.ActiveCfg = Debug|Any CPU
		{F74142C0-8C16-473C-8C54-56DAFB384D6F}.Debug|Any CPU.Build.0 = Debug|Any CPU
		{F74142C0-8C16-473C-8C54-56DAFB384D6F}.Release|Any CPU.ActiveCfg = Release|Any CPU
		{F74142C0-8C16-473C-8C54-56DAFB384D6F}.Release|Any CPU.Build.0 = Release|Any CPU
		{13C01218-98C2-4876-800F-A3355FB9E033}.Debug|Any CPU.ActiveCfg = Debug|Any CPU
		{13C01218-98C2-4876-800F-A3355FB9E033}.Debug|Any CPU.Build.0 = Debug|Any CPU
		{13C01218-98C2-4876-800F-A3355FB9E033}.Release|Any CPU.ActiveCfg = Release|Any CPU
		{13C01218-98C2-4876-800F-A3355FB9E033}.Release|Any CPU.Build.0 = Release|Any CPU
		{79657499-875E-45BF-9E02-8485BFB40063}.Debug|Any CPU.ActiveCfg = Debug|Any CPU
		{79657499-875E-45BF-9E02-8485BFB40063}.Debug|Any CPU.Build.0 = Debug|Any CPU
		{79657499-875E-45BF-9E02-8485BFB40063}.Release|Any CPU.ActiveCfg = Release|Any CPU
		{79657499-875E-45BF-9E02-8485BFB40063}.Release|Any CPU.Build.0 = Release|Any CPU
	EndGlobalSection
	GlobalSection(SolutionProperties) = preSolution
		HideSolutionNode = FALSE
	EndGlobalSection
	GlobalSection(ExtensibilityGlobals) = postSolution
		SolutionGuid = {B7185EB9-32EB-419F-8963-64B4FF51F719}
	EndGlobalSection
EndGlobal
